
Microsoft Visual Studio Solution File, Format Version 12.00
# Visual Studio 2012
Project("{FAE04EC0-301F-11D3-BF4B-00C04F79EFBC}") = "MsTestTwoTests", "MsTestTwoTests\MsTestTwoTests.csproj", "{D864624A-17AA-4EC9-9C6F-397943AC8167}"
EndProject
Global
	GlobalSection(SolutionConfigurationPlatforms) = preSolution
		Debug|Any CPU = Debug|Any CPU
		Release|Any CPU = Release|Any CPU
	EndGlobalSection
	GlobalSection(ProjectConfigurationPlatforms) = postSolution
		{D864624A-17AA-4EC9-9C6F-397943AC8167}.Debug|Any CPU.ActiveCfg = Debug|Any CPU
		{D864624A-17AA-4EC9-9C6F-397943AC8167}.Debug|Any CPU.Build.0 = Debug|Any CPU
		{D864624A-17AA-4EC9-9C6F-397943AC8167}.Release|Any CPU.ActiveCfg = Release|Any CPU
		{D864624A-17AA-4EC9-9C6F-397943AC8167}.Release|Any CPU.Build.0 = Release|Any CPU
	EndGlobalSection
	GlobalSection(SolutionProperties) = preSolution
		HideSolutionNode = FALSE
	EndGlobalSection
EndGlobal
